
Microsoft Visual Studio Solution File, Format Version 12.00
# Visual Studio Version 16
VisualStudioVersion = 16.0.31005.135
MinimumVisualStudioVersion = 10.0.40219.1
Project("{8BC9CEB8-8B4A-11D0-8D11-00A0C91BC942}") = "CS323-Projekat2-Tadija-Tripkovic-3941", "CS323-Projekat2-Tadija-Tripkovic-3941.vcxproj", "{9E51D5E2-4C8E-455B-B4C9-0C1B1A3FC243}"
EndProject
Global
	GlobalSection(SolutionConfigurationPlatforms) = preSolution
		Debug|x64 = Debug|x64
		Debug|x86 = Debug|x86
		Release|x64 = Release|x64
		Release|x86 = Release|x86
	EndGlobalSection
	GlobalSection(ProjectConfigurationPlatforms) = postSolution
		{9E51D5E2-4C8E-455B-B4C9-0C1B1A3FC243}.Debug|x64.ActiveCfg = Debug|x64
		{9E51D5E2-4C8E-455B-B4C9-0C1B1A3FC243}.Debug|x64.Build.0 = Debug|x64
		{9E51D5E2-4C8E-455B-B4C9-0C1B1A3FC243}.Debug|x86.ActiveCfg = Debug|Win32
		{9E51D5E2-4C8E-455B-B4C9-0C1B1A3FC243}.Debug|x86.Build.0 = Debug|Win32
		{9E51D5E2-4C8E-455B-B4C9-0C1B1A3FC243}.Release|x64.ActiveCfg = Release|x64
		{9E51D5E2-4C8E-455B-B4C9-0C1B1A3FC243}.Release|x64.Build.0 = Release|x64
		{9E51D5E2-4C8E-455B-B4C9-0C1B1A3FC243}.Release|x86.ActiveCfg = Release|Win32
		{9E51D5E2-4C8E-455B-B4C9-0C1B1A3FC243}.Release|x86.Build.0 = Release|Win32
	EndGlobalSection
	GlobalSection(SolutionProperties) = preSolution
		HideSolutionNode = FALSE
	EndGlobalSection
	GlobalSection(ExtensibilityGlobals) = postSolution
		SolutionGuid = {1B76995B-73DD-46C8-89FB-5755559AE695}
	EndGlobalSection
EndGlobal
